<Solution>
  <Folder Name="/Behavioral_Design_Pattern/">
    <Project Path="Behavioral_Design_Pattern/ChainOfResponsibility_DesignPattern/ChainOfResponsibility_DesignPattern.csproj" />
    <Project Path="Behavioral_Design_Pattern/Command_DesignPattern/Command_DesignPattern.csproj" />
    <Project Path="Behavioral_Design_Pattern/Iterator_DesignPattern/Iterator_DesignPattern.csproj" />
    <Project Path="Behavioral_Design_Pattern/Mediator_DesignPattern/Mediator_DesignPattern.csproj" />
    <Project Path="Behavioral_Design_Pattern/Memento_DesignPattern/Memento_DesignPattern.csproj" />
    <Project Path="Behavioral_Design_Pattern/Observer_DesignPattern/Observer_DesignPattern.csproj" />
    <Project Path="Behavioral_Design_Pattern/State_DesignPattern/State_DesignPattern.csproj" />
    <Project Path="Behavioral_Design_Pattern/Strategy_DesignPattern/Strategy_DesignPattern.csproj" />
    <Project Path="Behavioral_Design_Pattern/Template_DesignPattern/Template_DesignPattern.csproj" />
    <Project Path="Behavioral_Design_Pattern/Visitor_DesignPattern/Visitor_DesignPattern.csproj" />
  </Folder>
  <Folder Name="/Creational_Design_Pattern/">
    <Project Path="Creational_Design_Pattern/AbstractFactory_DesignPattern/AbstractFactory_DesignPattern.csproj" />
    <Project Path="Creational_Design_Pattern/Builder_DesignPattern/Builder_DesignPattern.csproj" />
    <Project Path="Creational_Design_Pattern/Factory_DesignPattern/Factory_DesignPattern.csproj" />
    <Project Path="Creational_Design_Pattern/Prototype_DesignPattern/Prototype_DesignPattern.csproj" />
    <Project Path="Creational_Design_Pattern/Singleton_DesignPattern/Singleton_DesignPattern.csproj" />
  </Folder>
  <Folder Name="/Structural_Design_Pattern/">
    <Project Path="Structural_Design_Pattern/Adapter_DesignPattern/Adapter_DesignPattern.csproj" />
    <Project Path="Structural_Design_Pattern/Bridge_DesignPattern/Bridge_DesignPattern.csproj" />
    <Project Path="Structural_Design_Pattern/Composite_DesignPattern/Composite_DesignPattern.csproj" />
    <Project Path="Structural_Design_Pattern/Decorator_DesignPattern/Decorator_DesignPattern.csproj" />
    <Project Path="Structural_Design_Pattern/Facade_DesignPattern/Facade_DesignPattern.csproj" />
    <Project Path="Structural_Design_Pattern/Flyweight_DesignPattern/Flyweight_DesignPattern.csproj" />
    <Project Path="Structural_Design_Pattern/Proxy_DesignPattern/Proxy_DesignPattern.csproj" />
  </Folder>
</Solution>
